// !$*UTF8*$!
{
	archiveVersion = 1;
	classes = {
	};
	objectVersion = 46;
	objects = {

/* Begin PBXBuildFile section */
		000CA8911B6E1CEB005EDF55 /* logo-60pt-3x.png in Resources */ = {isa = PBXBuildFile; fileRef = 000CA88F1B6E1CEB005EDF55 /* logo-60pt-3x.png */; };
		000CA8921B6E1CEB005EDF55 /* logo-60pt-2x.png in Resources */ = {isa = PBXBuildFile; fileRef = 000CA8901B6E1CEB005EDF55 /* logo-60pt-2x.png */; };
		000CA8981B6E1D89005EDF55 /* logo-40pt-3x.png in Resources */ = {isa = PBXBuildFile; fileRef = 000CA8931B6E1D89005EDF55 /* logo-40pt-3x.png */; };
		000CA8991B6E1D89005EDF55 /* logo-29pt-3x.png in Resources */ = {isa = PBXBuildFile; fileRef = 000CA8941B6E1D89005EDF55 /* logo-29pt-3x.png */; };
		000CA89A1B6E1D89005EDF55 /* logo-29pt-2x.png in Resources */ = {isa = PBXBuildFile; fileRef = 000CA8951B6E1D89005EDF55 /* logo-29pt-2x.png */; };
		000CA89B1B6E1D89005EDF55 /* logo-40pt-2x.png in Resources */ = {isa = PBXBuildFile; fileRef = 000CA8961B6E1D89005EDF55 /* logo-40pt-2x.png */; };
		000CA89C1B6E1D89005EDF55 /* logo-full.png in Resources */ = {isa = PBXBuildFile; fileRef = 000CA8971B6E1D89005EDF55 /* logo-full.png */; };
		000CA8A01B6E30DD005EDF55 /* cook-kitchen.png in Resources */ = {isa = PBXBuildFile; fileRef = 000CA89F1B6E30DD005EDF55 /* cook-kitchen.png */; };
		000CA8A21B6E31B5005EDF55 /* dine-food.png in Resources */ = {isa = PBXBuildFile; fileRef = 000CA8A11B6E31B5005EDF55 /* dine-food.png */; };
		000CA8A41B6E36C2005EDF55 /* SignupSelectProfileViewController.swift in Sources */ = {isa = PBXBuildFile; fileRef = 000CA8A31B6E36C2005EDF55 /* SignupSelectProfileViewController.swift */; };
		009016CA1B69DFED0019C0FB /* JosefinSans-Bold.ttf in Resources */ = {isa = PBXBuildFile; fileRef = 009016921B69DFED0019C0FB /* JosefinSans-Bold.ttf */; };
		009016CB1B69DFED0019C0FB /* JosefinSans-BoldItalic.ttf in Resources */ = {isa = PBXBuildFile; fileRef = 009016931B69DFED0019C0FB /* JosefinSans-BoldItalic.ttf */; };
		009016CC1B69DFED0019C0FB /* JosefinSans-Italic.ttf in Resources */ = {isa = PBXBuildFile; fileRef = 009016941B69DFED0019C0FB /* JosefinSans-Italic.ttf */; };
		009016CD1B69DFED0019C0FB /* JosefinSans-Light.ttf in Resources */ = {isa = PBXBuildFile; fileRef = 009016951B69DFED0019C0FB /* JosefinSans-Light.ttf */; };
		009016CE1B69DFED0019C0FB /* JosefinSans-LightItalic.ttf in Resources */ = {isa = PBXBuildFile; fileRef = 009016961B69DFED0019C0FB /* JosefinSans-LightItalic.ttf */; };
		009016CF1B69DFED0019C0FB /* JosefinSans-Regular.ttf in Resources */ = {isa = PBXBuildFile; fileRef = 009016971B69DFED0019C0FB /* JosefinSans-Regular.ttf */; };
		009016D01B69DFED0019C0FB /* JosefinSans-SemiBold.ttf in Resources */ = {isa = PBXBuildFile; fileRef = 009016981B69DFED0019C0FB /* JosefinSans-SemiBold.ttf */; };
		009016D11B69DFED0019C0FB /* JosefinSans-SemiBoldItalic.ttf in Resources */ = {isa = PBXBuildFile; fileRef = 009016991B69DFED0019C0FB /* JosefinSans-SemiBoldItalic.ttf */; };
		009016D21B69DFED0019C0FB /* JosefinSans-Thin.ttf in Resources */ = {isa = PBXBuildFile; fileRef = 0090169A1B69DFED0019C0FB /* JosefinSans-Thin.ttf */; };
		009016D31B69DFED0019C0FB /* JosefinSans-ThinItalic.ttf in Resources */ = {isa = PBXBuildFile; fileRef = 0090169B1B69DFED0019C0FB /* JosefinSans-ThinItalic.ttf */; };
		009016D41B69DFED0019C0FB /* JosefinSlab-Bold.ttf in Resources */ = {isa = PBXBuildFile; fileRef = 0090169C1B69DFED0019C0FB /* JosefinSlab-Bold.ttf */; };
		009016D51B69DFED0019C0FB /* JosefinSlab-BoldItalic.ttf in Resources */ = {isa = PBXBuildFile; fileRef = 0090169D1B69DFED0019C0FB /* JosefinSlab-BoldItalic.ttf */; };
		009016D61B69DFED0019C0FB /* JosefinSlab-Italic.ttf in Resources */ = {isa = PBXBuildFile; fileRef = 0090169E1B69DFED0019C0FB /* JosefinSlab-Italic.ttf */; };
		009016D71B69DFED0019C0FB /* JosefinSlab-Light.ttf in Resources */ = {isa = PBXBuildFile; fileRef = 0090169F1B69DFED0019C0FB /* JosefinSlab-Light.ttf */; };
		009016D81B69DFED0019C0FB /* JosefinSlab-LightItalic.ttf in Resources */ = {isa = PBXBuildFile; fileRef = 009016A01B69DFED0019C0FB /* JosefinSlab-LightItalic.ttf */; };
		009016D91B69DFED0019C0FB /* JosefinSlab-Regular.ttf in Resources */ = {isa = PBXBuildFile; fileRef = 009016A11B69DFED0019C0FB /* JosefinSlab-Regular.ttf */; };
		009016DA1B69DFED0019C0FB /* JosefinSlab-SemiBold.ttf in Resources */ = {isa = PBXBuildFile; fileRef = 009016A21B69DFED0019C0FB /* JosefinSlab-SemiBold.ttf */; };
		009016DB1B69DFED0019C0FB /* JosefinSlab-SemiBoldItalic.ttf in Resources */ = {isa = PBXBuildFile; fileRef = 009016A31B69DFED0019C0FB /* JosefinSlab-SemiBoldItalic.ttf */; };
		009016DC1B69DFED0019C0FB /* JosefinSlab-Thin.ttf in Resources */ = {isa = PBXBuildFile; fileRef = 009016A41B69DFED0019C0FB /* JosefinSlab-Thin.ttf */; };
		009016DD1B69DFED0019C0FB /* JosefinSlab-ThinItalic.ttf in Resources */ = {isa = PBXBuildFile; fileRef = 009016A51B69DFED0019C0FB /* JosefinSlab-ThinItalic.ttf */; };
		009016DE1B69DFED0019C0FB /* Lato-Black.ttf in Resources */ = {isa = PBXBuildFile; fileRef = 009016A61B69DFED0019C0FB /* Lato-Black.ttf */; };
		009016DF1B69DFED0019C0FB /* Lato-BlackItalic.ttf in Resources */ = {isa = PBXBuildFile; fileRef = 009016A71B69DFED0019C0FB /* Lato-BlackItalic.ttf */; };
		009016E01B69DFED0019C0FB /* Lato-Bold.ttf in Resources */ = {isa = PBXBuildFile; fileRef = 009016A81B69DFED0019C0FB /* Lato-Bold.ttf */; };
		009016E11B69DFED0019C0FB /* Lato-BoldItalic.ttf in Resources */ = {isa = PBXBuildFile; fileRef = 009016A91B69DFED0019C0FB /* Lato-BoldItalic.ttf */; };
		009016E21B69DFED0019C0FB /* Lato-Hairline.ttf in Resources */ = {isa = PBXBuildFile; fileRef = 009016AA1B69DFED0019C0FB /* Lato-Hairline.ttf */; };
		009016E31B69DFED0019C0FB /* Lato-HairlineItalic.ttf in Resources */ = {isa = PBXBuildFile; fileRef = 009016AB1B69DFED0019C0FB /* Lato-HairlineItalic.ttf */; };
		009016E41B69DFED0019C0FB /* Lato-Heavy.ttf in Resources */ = {isa = PBXBuildFile; fileRef = 009016AC1B69DFED0019C0FB /* Lato-Heavy.ttf */; };
		009016E51B69DFED0019C0FB /* Lato-HeavyItalic.ttf in Resources */ = {isa = PBXBuildFile; fileRef = 009016AD1B69DFED0019C0FB /* Lato-HeavyItalic.ttf */; };
		009016E61B69DFED0019C0FB /* Lato-Italic.ttf in Resources */ = {isa = PBXBuildFile; fileRef = 009016AE1B69DFED0019C0FB /* Lato-Italic.ttf */; };
		009016E71B69DFED0019C0FB /* Lato-Light.ttf in Resources */ = {isa = PBXBuildFile; fileRef = 009016AF1B69DFED0019C0FB /* Lato-Light.ttf */; };
		009016E81B69DFED0019C0FB /* Lato-LightItalic.ttf in Resources */ = {isa = PBXBuildFile; fileRef = 009016B01B69DFED0019C0FB /* Lato-LightItalic.ttf */; };
		009016E91B69DFED0019C0FB /* Lato-Medium.ttf in Resources */ = {isa = PBXBuildFile; fileRef = 009016B11B69DFED0019C0FB /* Lato-Medium.ttf */; };
		009016EA1B69DFED0019C0FB /* Lato-MediumItalic.ttf in Resources */ = {isa = PBXBuildFile; fileRef = 009016B21B69DFED0019C0FB /* Lato-MediumItalic.ttf */; };
		009016EB1B69DFED0019C0FB /* Lato-Regular.ttf in Resources */ = {isa = PBXBuildFile; fileRef = 009016B31B69DFED0019C0FB /* Lato-Regular.ttf */; };
		009016EC1B69DFED0019C0FB /* Lato-Semibold.ttf in Resources */ = {isa = PBXBuildFile; fileRef = 009016B41B69DFED0019C0FB /* Lato-Semibold.ttf */; };
		009016ED1B69DFED0019C0FB /* Lato-SemiboldItalic.ttf in Resources */ = {isa = PBXBuildFile; fileRef = 009016B51B69DFED0019C0FB /* Lato-SemiboldItalic.ttf */; };
		009016EE1B69DFED0019C0FB /* Lato-Thin.ttf in Resources */ = {isa = PBXBuildFile; fileRef = 009016B61B69DFED0019C0FB /* Lato-Thin.ttf */; };
		009016EF1B69DFED0019C0FB /* Lato-ThinItalic.ttf in Resources */ = {isa = PBXBuildFile; fileRef = 009016B71B69DFED0019C0FB /* Lato-ThinItalic.ttf */; };
		009016F01B69DFED0019C0FB /* Raleway-Black.ttf in Resources */ = {isa = PBXBuildFile; fileRef = 009016B81B69DFED0019C0FB /* Raleway-Black.ttf */; };
		009016F11B69DFED0019C0FB /* Raleway-BlackItalic.ttf in Resources */ = {isa = PBXBuildFile; fileRef = 009016B91B69DFED0019C0FB /* Raleway-BlackItalic.ttf */; };
		009016F21B69DFED0019C0FB /* Raleway-Bold.ttf in Resources */ = {isa = PBXBuildFile; fileRef = 009016BA1B69DFED0019C0FB /* Raleway-Bold.ttf */; };
		009016F31B69DFED0019C0FB /* Raleway-BoldItalic.ttf in Resources */ = {isa = PBXBuildFile; fileRef = 009016BB1B69DFED0019C0FB /* Raleway-BoldItalic.ttf */; };
		009016F41B69DFED0019C0FB /* Raleway-ExtraBold.ttf in Resources */ = {isa = PBXBuildFile; fileRef = 009016BC1B69DFED0019C0FB /* Raleway-ExtraBold.ttf */; };
		009016F51B69DFED0019C0FB /* Raleway-ExtraBoldItalic.ttf in Resources */ = {isa = PBXBuildFile; fileRef = 009016BD1B69DFED0019C0FB /* Raleway-ExtraBoldItalic.ttf */; };
		009016F61B69DFED0019C0FB /* Raleway-ExtraLight.ttf in Resources */ = {isa = PBXBuildFile; fileRef = 009016BE1B69DFED0019C0FB /* Raleway-ExtraLight.ttf */; };
		009016F71B69DFED0019C0FB /* Raleway-ExtraLightItalic.ttf in Resources */ = {isa = PBXBuildFile; fileRef = 009016BF1B69DFED0019C0FB /* Raleway-ExtraLightItalic.ttf */; };
		009016F81B69DFED0019C0FB /* Raleway-Italic.ttf in Resources */ = {isa = PBXBuildFile; fileRef = 009016C01B69DFED0019C0FB /* Raleway-Italic.ttf */; };
		009016F91B69DFED0019C0FB /* Raleway-Light.ttf in Resources */ = {isa = PBXBuildFile; fileRef = 009016C11B69DFED0019C0FB /* Raleway-Light.ttf */; };
		009016FA1B69DFED0019C0FB /* Raleway-LightItalic.ttf in Resources */ = {isa = PBXBuildFile; fileRef = 009016C21B69DFED0019C0FB /* Raleway-LightItalic.ttf */; };
		009016FB1B69DFED0019C0FB /* Raleway-Medium.ttf in Resources */ = {isa = PBXBuildFile; fileRef = 009016C31B69DFED0019C0FB /* Raleway-Medium.ttf */; };
		009016FC1B69DFED0019C0FB /* Raleway-MediumItalic.ttf in Resources */ = {isa = PBXBuildFile; fileRef = 009016C41B69DFED0019C0FB /* Raleway-MediumItalic.ttf */; };
		009016FD1B69DFED0019C0FB /* Raleway-Regular.ttf in Resources */ = {isa = PBXBuildFile; fileRef = 009016C51B69DFED0019C0FB /* Raleway-Regular.ttf */; };
		009016FE1B69DFED0019C0FB /* Raleway-SemiBold.ttf in Resources */ = {isa = PBXBuildFile; fileRef = 009016C61B69DFED0019C0FB /* Raleway-SemiBold.ttf */; };
		009016FF1B69DFED0019C0FB /* Raleway-SemiBoldItalic.ttf in Resources */ = {isa = PBXBuildFile; fileRef = 009016C71B69DFED0019C0FB /* Raleway-SemiBoldItalic.ttf */; };
		009017001B69DFED0019C0FB /* Raleway-Thin.ttf in Resources */ = {isa = PBXBuildFile; fileRef = 009016C81B69DFED0019C0FB /* Raleway-Thin.ttf */; };
		009017011B69DFED0019C0FB /* Raleway-ThinItalic.ttf in Resources */ = {isa = PBXBuildFile; fileRef = 009016C91B69DFED0019C0FB /* Raleway-ThinItalic.ttf */; };
		009017051B69E0030019C0FB /* dish.jpg in Resources */ = {isa = PBXBuildFile; fileRef = 009017021B69E0030019C0FB /* dish.jpg */; };
		009017061B69E0030019C0FB /* dish4.jpg in Resources */ = {isa = PBXBuildFile; fileRef = 009017031B69E0030019C0FB /* dish4.jpg */; };
		009017071B69E0030019C0FB /* Profile_Photo.jpg in Resources */ = {isa = PBXBuildFile; fileRef = 009017041B69E0030019C0FB /* Profile_Photo.jpg */; };
		009017091B69E08F0019C0FB /* main-screen.jpg in Resources */ = {isa = PBXBuildFile; fileRef = 009017081B69E08F0019C0FB /* main-screen.jpg */; };
		0090170C1B69F45C0019C0FB /* WindowsAzureMobileServices.framework in Frameworks */ = {isa = PBXBuildFile; fileRef = 0090170B1B69F45C0019C0FB /* WindowsAzureMobileServices.framework */; };
		00EEEBCF1B6DEB1D00EDE4F7 /* EntreeListTableViewCell.swift in Sources */ = {isa = PBXBuildFile; fileRef = 00EEEBCD1B6DEB1D00EDE4F7 /* EntreeListTableViewCell.swift */; };
		00EEEBD01B6DEB1D00EDE4F7 /* EntreeListTableViewController.swift in Sources */ = {isa = PBXBuildFile; fileRef = 00EEEBCE1B6DEB1D00EDE4F7 /* EntreeListTableViewController.swift */; };
		00F457701B6DDB57008E9AFF /* LoginViewController.swift in Sources */ = {isa = PBXBuildFile; fileRef = 00F4576F1B6DDB57008E9AFF /* LoginViewController.swift */; };
		00F457721B6DDB62008E9AFF /* SignupCookViewController.swift in Sources */ = {isa = PBXBuildFile; fileRef = 00F457711B6DDB62008E9AFF /* SignupCookViewController.swift */; };
		00F457741B6DDB6B008E9AFF /* SignupDinerViewController.swift in Sources */ = {isa = PBXBuildFile; fileRef = 00F457731B6DDB6B008E9AFF /* SignupDinerViewController.swift */; };
		1E86D6D31B521208003F6736 /* AppDelegate.swift in Sources */ = {isa = PBXBuildFile; fileRef = 1E86D6D21B521208003F6736 /* AppDelegate.swift */; };
		1E86D6D51B521208003F6736 /* ViewController.swift in Sources */ = {isa = PBXBuildFile; fileRef = 1E86D6D41B521208003F6736 /* ViewController.swift */; };
		1E86D6D81B521208003F6736 /* Main.storyboard in Resources */ = {isa = PBXBuildFile; fileRef = 1E86D6D61B521208003F6736 /* Main.storyboard */; };
		1E86D6DA1B521208003F6736 /* Images.xcassets in Resources */ = {isa = PBXBuildFile; fileRef = 1E86D6D91B521208003F6736 /* Images.xcassets */; };
		1E86D6DD1B521208003F6736 /* LaunchScreen.xib in Resources */ = {isa = PBXBuildFile; fileRef = 1E86D6DB1B521208003F6736 /* LaunchScreen.xib */; };
		1E86D6E91B521208003F6736 /* anjouiTests.swift in Sources */ = {isa = PBXBuildFile; fileRef = 1E86D6E81B521208003F6736 /* anjouiTests.swift */; };
/* End PBXBuildFile section */

/* Begin PBXContainerItemProxy section */
		1E86D6E31B521208003F6736 /* PBXContainerItemProxy */ = {
			isa = PBXContainerItemProxy;
			containerPortal = 1E86D6C51B521208003F6736 /* Project object */;
			proxyType = 1;
			remoteGlobalIDString = 1E86D6CC1B521208003F6736;
			remoteInfo = anjoui;
		};
/* End PBXContainerItemProxy section */

/* Begin PBXFileReference section */
		000CA88F1B6E1CEB005EDF55 /* logo-60pt-3x.png */ = {isa = PBXFileReference; lastKnownFileType = image.png; name = "logo-60pt-3x.png"; path = "anjoui/icons/logo-60pt-3x.png"; sourceTree = "<group>"; };
		000CA8901B6E1CEB005EDF55 /* logo-60pt-2x.png */ = {isa = PBXFileReference; lastKnownFileType = image.png; name = "logo-60pt-2x.png"; path = "anjoui/icons/logo-60pt-2x.png"; sourceTree = "<group>"; };
		000CA8931B6E1D89005EDF55 /* logo-40pt-3x.png */ = {isa = PBXFileReference; lastKnownFileType = image.png; name = "logo-40pt-3x.png"; path = "anjoui/icons/logo-40pt-3x.png"; sourceTree = "<group>"; };
		000CA8941B6E1D89005EDF55 /* logo-29pt-3x.png */ = {isa = PBXFileReference; lastKnownFileType = image.png; name = "logo-29pt-3x.png"; path = "anjoui/icons/logo-29pt-3x.png"; sourceTree = "<group>"; };
		000CA8951B6E1D89005EDF55 /* logo-29pt-2x.png */ = {isa = PBXFileReference; lastKnownFileType = image.png; name = "logo-29pt-2x.png"; path = "anjoui/icons/logo-29pt-2x.png"; sourceTree = "<group>"; };
		000CA8961B6E1D89005EDF55 /* logo-40pt-2x.png */ = {isa = PBXFileReference; lastKnownFileType = image.png; name = "logo-40pt-2x.png"; path = "anjoui/icons/logo-40pt-2x.png"; sourceTree = "<group>"; };
		000CA8971B6E1D89005EDF55 /* logo-full.png */ = {isa = PBXFileReference; lastKnownFileType = image.png; name = "logo-full.png"; path = "anjoui/icons/logo-full.png"; sourceTree = "<group>"; };
		000CA89F1B6E30DD005EDF55 /* cook-kitchen.png */ = {isa = PBXFileReference; lastKnownFileType = image.png; name = "cook-kitchen.png"; path = "anjoui/images/cook-kitchen.png"; sourceTree = "<group>"; };
		000CA8A11B6E31B5005EDF55 /* dine-food.png */ = {isa = PBXFileReference; lastKnownFileType = image.png; name = "dine-food.png"; path = "anjoui/images/dine-food.png"; sourceTree = "<group>"; };
		000CA8A31B6E36C2005EDF55 /* SignupSelectProfileViewController.swift */ = {isa = PBXFileReference; fileEncoding = 4; lastKnownFileType = sourcecode.swift; path = SignupSelectProfileViewController.swift; sourceTree = "<group>"; };
		009016921B69DFED0019C0FB /* JosefinSans-Bold.ttf */ = {isa = PBXFileReference; lastKnownFileType = file; name = "JosefinSans-Bold.ttf"; path = "anjoui/fonts/JosefinSans-Bold.ttf"; sourceTree = "<group>"; };
		009016931B69DFED0019C0FB /* JosefinSans-BoldItalic.ttf */ = {isa = PBXFileReference; lastKnownFileType = file; name = "JosefinSans-BoldItalic.ttf"; path = "anjoui/fonts/JosefinSans-BoldItalic.ttf"; sourceTree = "<group>"; };
		009016941B69DFED0019C0FB /* JosefinSans-Italic.ttf */ = {isa = PBXFileReference; lastKnownFileType = file; name = "JosefinSans-Italic.ttf"; path = "anjoui/fonts/JosefinSans-Italic.ttf"; sourceTree = "<group>"; };
		009016951B69DFED0019C0FB /* JosefinSans-Light.ttf */ = {isa = PBXFileReference; lastKnownFileType = file; name = "JosefinSans-Light.ttf"; path = "anjoui/fonts/JosefinSans-Light.ttf"; sourceTree = "<group>"; };
		009016961B69DFED0019C0FB /* JosefinSans-LightItalic.ttf */ = {isa = PBXFileReference; lastKnownFileType = file; name = "JosefinSans-LightItalic.ttf"; path = "anjoui/fonts/JosefinSans-LightItalic.ttf"; sourceTree = "<group>"; };
		009016971B69DFED0019C0FB /* JosefinSans-Regular.ttf */ = {isa = PBXFileReference; lastKnownFileType = file; name = "JosefinSans-Regular.ttf"; path = "anjoui/fonts/JosefinSans-Regular.ttf"; sourceTree = "<group>"; };
		009016981B69DFED0019C0FB /* JosefinSans-SemiBold.ttf */ = {isa = PBXFileReference; lastKnownFileType = file; name = "JosefinSans-SemiBold.ttf"; path = "anjoui/fonts/JosefinSans-SemiBold.ttf"; sourceTree = "<group>"; };
		009016991B69DFED0019C0FB /* JosefinSans-SemiBoldItalic.ttf */ = {isa = PBXFileReference; lastKnownFileType = file; name = "JosefinSans-SemiBoldItalic.ttf"; path = "anjoui/fonts/JosefinSans-SemiBoldItalic.ttf"; sourceTree = "<group>"; };
		0090169A1B69DFED0019C0FB /* JosefinSans-Thin.ttf */ = {isa = PBXFileReference; lastKnownFileType = file; name = "JosefinSans-Thin.ttf"; path = "anjoui/fonts/JosefinSans-Thin.ttf"; sourceTree = "<group>"; };
		0090169B1B69DFED0019C0FB /* JosefinSans-ThinItalic.ttf */ = {isa = PBXFileReference; lastKnownFileType = file; name = "JosefinSans-ThinItalic.ttf"; path = "anjoui/fonts/JosefinSans-ThinItalic.ttf"; sourceTree = "<group>"; };
		0090169C1B69DFED0019C0FB /* JosefinSlab-Bold.ttf */ = {isa = PBXFileReference; lastKnownFileType = file; name = "JosefinSlab-Bold.ttf"; path = "anjoui/fonts/JosefinSlab-Bold.ttf"; sourceTree = "<group>"; };
		0090169D1B69DFED0019C0FB /* JosefinSlab-BoldItalic.ttf */ = {isa = PBXFileReference; lastKnownFileType = file; name = "JosefinSlab-BoldItalic.ttf"; path = "anjoui/fonts/JosefinSlab-BoldItalic.ttf"; sourceTree = "<group>"; };
		0090169E1B69DFED0019C0FB /* JosefinSlab-Italic.ttf */ = {isa = PBXFileReference; lastKnownFileType = file; name = "JosefinSlab-Italic.ttf"; path = "anjoui/fonts/JosefinSlab-Italic.ttf"; sourceTree = "<group>"; };
		0090169F1B69DFED0019C0FB /* JosefinSlab-Light.ttf */ = {isa = PBXFileReference; lastKnownFileType = file; name = "JosefinSlab-Light.ttf"; path = "anjoui/fonts/JosefinSlab-Light.ttf"; sourceTree = "<group>"; };
		009016A01B69DFED0019C0FB /* JosefinSlab-LightItalic.ttf */ = {isa = PBXFileReference; lastKnownFileType = file; name = "JosefinSlab-LightItalic.ttf"; path = "anjoui/fonts/JosefinSlab-LightItalic.ttf"; sourceTree = "<group>"; };
		009016A11B69DFED0019C0FB /* JosefinSlab-Regular.ttf */ = {isa = PBXFileReference; lastKnownFileType = file; name = "JosefinSlab-Regular.ttf"; path = "anjoui/fonts/JosefinSlab-Regular.ttf"; sourceTree = "<group>"; };
		009016A21B69DFED0019C0FB /* JosefinSlab-SemiBold.ttf */ = {isa = PBXFileReference; lastKnownFileType = file; name = "JosefinSlab-SemiBold.ttf"; path = "anjoui/fonts/JosefinSlab-SemiBold.ttf"; sourceTree = "<group>"; };
		009016A31B69DFED0019C0FB /* JosefinSlab-SemiBoldItalic.ttf */ = {isa = PBXFileReference; lastKnownFileType = file; name = "JosefinSlab-SemiBoldItalic.ttf"; path = "anjoui/fonts/JosefinSlab-SemiBoldItalic.ttf"; sourceTree = "<group>"; };
		009016A41B69DFED0019C0FB /* JosefinSlab-Thin.ttf */ = {isa = PBXFileReference; lastKnownFileType = file; name = "JosefinSlab-Thin.ttf"; path = "anjoui/fonts/JosefinSlab-Thin.ttf"; sourceTree = "<group>"; };
		009016A51B69DFED0019C0FB /* JosefinSlab-ThinItalic.ttf */ = {isa = PBXFileReference; lastKnownFileType = file; name = "JosefinSlab-ThinItalic.ttf"; path = "anjoui/fonts/JosefinSlab-ThinItalic.ttf"; sourceTree = "<group>"; };
		009016A61B69DFED0019C0FB /* Lato-Black.ttf */ = {isa = PBXFileReference; lastKnownFileType = file; name = "Lato-Black.ttf"; path = "anjoui/fonts/Lato-Black.ttf"; sourceTree = "<group>"; };
		009016A71B69DFED0019C0FB /* Lato-BlackItalic.ttf */ = {isa = PBXFileReference; lastKnownFileType = file; name = "Lato-BlackItalic.ttf"; path = "anjoui/fonts/Lato-BlackItalic.ttf"; sourceTree = "<group>"; };
		009016A81B69DFED0019C0FB /* Lato-Bold.ttf */ = {isa = PBXFileReference; lastKnownFileType = file; name = "Lato-Bold.ttf"; path = "anjoui/fonts/Lato-Bold.ttf"; sourceTree = "<group>"; };
		009016A91B69DFED0019C0FB /* Lato-BoldItalic.ttf */ = {isa = PBXFileReference; lastKnownFileType = file; name = "Lato-BoldItalic.ttf"; path = "anjoui/fonts/Lato-BoldItalic.ttf"; sourceTree = "<group>"; };
		009016AA1B69DFED0019C0FB /* Lato-Hairline.ttf */ = {isa = PBXFileReference; lastKnownFileType = file; name = "Lato-Hairline.ttf"; path = "anjoui/fonts/Lato-Hairline.ttf"; sourceTree = "<group>"; };
		009016AB1B69DFED0019C0FB /* Lato-HairlineItalic.ttf */ = {isa = PBXFileReference; lastKnownFileType = file; name = "Lato-HairlineItalic.ttf"; path = "anjoui/fonts/Lato-HairlineItalic.ttf"; sourceTree = "<group>"; };
		009016AC1B69DFED0019C0FB /* Lato-Heavy.ttf */ = {isa = PBXFileReference; lastKnownFileType = file; name = "Lato-Heavy.ttf"; path = "anjoui/fonts/Lato-Heavy.ttf"; sourceTree = "<group>"; };
		009016AD1B69DFED0019C0FB /* Lato-HeavyItalic.ttf */ = {isa = PBXFileReference; lastKnownFileType = file; name = "Lato-HeavyItalic.ttf"; path = "anjoui/fonts/Lato-HeavyItalic.ttf"; sourceTree = "<group>"; };
		009016AE1B69DFED0019C0FB /* Lato-Italic.ttf */ = {isa = PBXFileReference; lastKnownFileType = file; name = "Lato-Italic.ttf"; path = "anjoui/fonts/Lato-Italic.ttf"; sourceTree = "<group>"; };
		009016AF1B69DFED0019C0FB /* Lato-Light.ttf */ = {isa = PBXFileReference; lastKnownFileType = file; name = "Lato-Light.ttf"; path = "anjoui/fonts/Lato-Light.ttf"; sourceTree = "<group>"; };
		009016B01B69DFED0019C0FB /* Lato-LightItalic.ttf */ = {isa = PBXFileReference; lastKnownFileType = file; name = "Lato-LightItalic.ttf"; path = "anjoui/fonts/Lato-LightItalic.ttf"; sourceTree = "<group>"; };
		009016B11B69DFED0019C0FB /* Lato-Medium.ttf */ = {isa = PBXFileReference; lastKnownFileType = file; name = "Lato-Medium.ttf"; path = "anjoui/fonts/Lato-Medium.ttf"; sourceTree = "<group>"; };
		009016B21B69DFED0019C0FB /* Lato-MediumItalic.ttf */ = {isa = PBXFileReference; lastKnownFileType = file; name = "Lato-MediumItalic.ttf"; path = "anjoui/fonts/Lato-MediumItalic.ttf"; sourceTree = "<group>"; };
		009016B31B69DFED0019C0FB /* Lato-Regular.ttf */ = {isa = PBXFileReference; lastKnownFileType = file; name = "Lato-Regular.ttf"; path = "anjoui/fonts/Lato-Regular.ttf"; sourceTree = "<group>"; };
		009016B41B69DFED0019C0FB /* Lato-Semibold.ttf */ = {isa = PBXFileReference; lastKnownFileType = file; name = "Lato-Semibold.ttf"; path = "anjoui/fonts/Lato-Semibold.ttf"; sourceTree = "<group>"; };
		009016B51B69DFED0019C0FB /* Lato-SemiboldItalic.ttf */ = {isa = PBXFileReference; lastKnownFileType = file; name = "Lato-SemiboldItalic.ttf"; path = "anjoui/fonts/Lato-SemiboldItalic.ttf"; sourceTree = "<group>"; };
		009016B61B69DFED0019C0FB /* Lato-Thin.ttf */ = {isa = PBXFileReference; lastKnownFileType = file; name = "Lato-Thin.ttf"; path = "anjoui/fonts/Lato-Thin.ttf"; sourceTree = "<group>"; };
		009016B71B69DFED0019C0FB /* Lato-ThinItalic.ttf */ = {isa = PBXFileReference; lastKnownFileType = file; name = "Lato-ThinItalic.ttf"; path = "anjoui/fonts/Lato-ThinItalic.ttf"; sourceTree = "<group>"; };
		009016B81B69DFED0019C0FB /* Raleway-Black.ttf */ = {isa = PBXFileReference; lastKnownFileType = file; name = "Raleway-Black.ttf"; path = "anjoui/fonts/Raleway-Black.ttf"; sourceTree = "<group>"; };
		009016B91B69DFED0019C0FB /* Raleway-BlackItalic.ttf */ = {isa = PBXFileReference; lastKnownFileType = file; name = "Raleway-BlackItalic.ttf"; path = "anjoui/fonts/Raleway-BlackItalic.ttf"; sourceTree = "<group>"; };
		009016BA1B69DFED0019C0FB /* Raleway-Bold.ttf */ = {isa = PBXFileReference; lastKnownFileType = file; name = "Raleway-Bold.ttf"; path = "anjoui/fonts/Raleway-Bold.ttf"; sourceTree = "<group>"; };
		009016BB1B69DFED0019C0FB /* Raleway-BoldItalic.ttf */ = {isa = PBXFileReference; lastKnownFileType = file; name = "Raleway-BoldItalic.ttf"; path = "anjoui/fonts/Raleway-BoldItalic.ttf"; sourceTree = "<group>"; };
		009016BC1B69DFED0019C0FB /* Raleway-ExtraBold.ttf */ = {isa = PBXFileReference; lastKnownFileType = file; name = "Raleway-ExtraBold.ttf"; path = "anjoui/fonts/Raleway-ExtraBold.ttf"; sourceTree = "<group>"; };
		009016BD1B69DFED0019C0FB /* Raleway-ExtraBoldItalic.ttf */ = {isa = PBXFileReference; lastKnownFileType = file; name = "Raleway-ExtraBoldItalic.ttf"; path = "anjoui/fonts/Raleway-ExtraBoldItalic.ttf"; sourceTree = "<group>"; };
		009016BE1B69DFED0019C0FB /* Raleway-ExtraLight.ttf */ = {isa = PBXFileReference; lastKnownFileType = file; name = "Raleway-ExtraLight.ttf"; path = "anjoui/fonts/Raleway-ExtraLight.ttf"; sourceTree = "<group>"; };
		009016BF1B69DFED0019C0FB /* Raleway-ExtraLightItalic.ttf */ = {isa = PBXFileReference; lastKnownFileType = file; name = "Raleway-ExtraLightItalic.ttf"; path = "anjoui/fonts/Raleway-ExtraLightItalic.ttf"; sourceTree = "<group>"; };
		009016C01B69DFED0019C0FB /* Raleway-Italic.ttf */ = {isa = PBXFileReference; lastKnownFileType = file; name = "Raleway-Italic.ttf"; path = "anjoui/fonts/Raleway-Italic.ttf"; sourceTree = "<group>"; };
		009016C11B69DFED0019C0FB /* Raleway-Light.ttf */ = {isa = PBXFileReference; lastKnownFileType = file; name = "Raleway-Light.ttf"; path = "anjoui/fonts/Raleway-Light.ttf"; sourceTree = "<group>"; };
		009016C21B69DFED0019C0FB /* Raleway-LightItalic.ttf */ = {isa = PBXFileReference; lastKnownFileType = file; name = "Raleway-LightItalic.ttf"; path = "anjoui/fonts/Raleway-LightItalic.ttf"; sourceTree = "<group>"; };
		009016C31B69DFED0019C0FB /* Raleway-Medium.ttf */ = {isa = PBXFileReference; lastKnownFileType = file; name = "Raleway-Medium.ttf"; path = "anjoui/fonts/Raleway-Medium.ttf"; sourceTree = "<group>"; };
		009016C41B69DFED0019C0FB /* Raleway-MediumItalic.ttf */ = {isa = PBXFileReference; lastKnownFileType = file; name = "Raleway-MediumItalic.ttf"; path = "anjoui/fonts/Raleway-MediumItalic.ttf"; sourceTree = "<group>"; };
		009016C51B69DFED0019C0FB /* Raleway-Regular.ttf */ = {isa = PBXFileReference; lastKnownFileType = file; name = "Raleway-Regular.ttf"; path = "anjoui/fonts/Raleway-Regular.ttf"; sourceTree = "<group>"; };
		009016C61B69DFED0019C0FB /* Raleway-SemiBold.ttf */ = {isa = PBXFileReference; lastKnownFileType = file; name = "Raleway-SemiBold.ttf"; path = "anjoui/fonts/Raleway-SemiBold.ttf"; sourceTree = "<group>"; };
		009016C71B69DFED0019C0FB /* Raleway-SemiBoldItalic.ttf */ = {isa = PBXFileReference; lastKnownFileType = file; name = "Raleway-SemiBoldItalic.ttf"; path = "anjoui/fonts/Raleway-SemiBoldItalic.ttf"; sourceTree = "<group>"; };
		009016C81B69DFED0019C0FB /* Raleway-Thin.ttf */ = {isa = PBXFileReference; lastKnownFileType = file; name = "Raleway-Thin.ttf"; path = "anjoui/fonts/Raleway-Thin.ttf"; sourceTree = "<group>"; };
		009016C91B69DFED0019C0FB /* Raleway-ThinItalic.ttf */ = {isa = PBXFileReference; lastKnownFileType = file; name = "Raleway-ThinItalic.ttf"; path = "anjoui/fonts/Raleway-ThinItalic.ttf"; sourceTree = "<group>"; };
		009017021B69E0030019C0FB /* dish.jpg */ = {isa = PBXFileReference; lastKnownFileType = image.jpeg; name = dish.jpg; path = anjoui/images/dish.jpg; sourceTree = "<group>"; };
		009017031B69E0030019C0FB /* dish4.jpg */ = {isa = PBXFileReference; lastKnownFileType = image.jpeg; name = dish4.jpg; path = anjoui/images/dish4.jpg; sourceTree = "<group>"; };
		009017041B69E0030019C0FB /* Profile_Photo.jpg */ = {isa = PBXFileReference; lastKnownFileType = image.jpeg; name = Profile_Photo.jpg; path = anjoui/images/Profile_Photo.jpg; sourceTree = "<group>"; };
		009017081B69E08F0019C0FB /* main-screen.jpg */ = {isa = PBXFileReference; lastKnownFileType = image.jpeg; name = "main-screen.jpg"; path = "anjoui/images/main-screen.jpg"; sourceTree = "<group>"; };
		0090170B1B69F45C0019C0FB /* WindowsAzureMobileServices.framework */ = {isa = PBXFileReference; lastKnownFileType = wrapper.framework; path = WindowsAzureMobileServices.framework; sourceTree = "<group>"; };
		0090170F1B69F66C0019C0FB /* anjoui-Bridging-Header.h */ = {isa = PBXFileReference; fileEncoding = 4; lastKnownFileType = sourcecode.c.h; name = "anjoui-Bridging-Header.h"; path = "anjoui/anjoui-Bridging-Header.h"; sourceTree = "<group>"; };
		00EEEBCD1B6DEB1D00EDE4F7 /* EntreeListTableViewCell.swift */ = {isa = PBXFileReference; fileEncoding = 4; lastKnownFileType = sourcecode.swift; path = EntreeListTableViewCell.swift; sourceTree = "<group>"; };
		00EEEBCE1B6DEB1D00EDE4F7 /* EntreeListTableViewController.swift */ = {isa = PBXFileReference; fileEncoding = 4; lastKnownFileType = sourcecode.swift; path = EntreeListTableViewController.swift; sourceTree = "<group>"; };
		00F4576F1B6DDB57008E9AFF /* LoginViewController.swift */ = {isa = PBXFileReference; fileEncoding = 4; lastKnownFileType = sourcecode.swift; path = LoginViewController.swift; sourceTree = "<group>"; };
		00F457711B6DDB62008E9AFF /* SignupCookViewController.swift */ = {isa = PBXFileReference; fileEncoding = 4; lastKnownFileType = sourcecode.swift; path = SignupCookViewController.swift; sourceTree = "<group>"; };
		00F457731B6DDB6B008E9AFF /* SignupDinerViewController.swift */ = {isa = PBXFileReference; fileEncoding = 4; lastKnownFileType = sourcecode.swift; path = SignupDinerViewController.swift; sourceTree = "<group>"; };
		1E86D6CD1B521208003F6736 /* anjoui.app */ = {isa = PBXFileReference; explicitFileType = wrapper.application; includeInIndex = 0; path = anjoui.app; sourceTree = BUILT_PRODUCTS_DIR; };
		1E86D6D11B521208003F6736 /* Info.plist */ = {isa = PBXFileReference; lastKnownFileType = text.plist.xml; path = Info.plist; sourceTree = "<group>"; };
		1E86D6D21B521208003F6736 /* AppDelegate.swift */ = {isa = PBXFileReference; lastKnownFileType = sourcecode.swift; path = AppDelegate.swift; sourceTree = "<group>"; };
		1E86D6D41B521208003F6736 /* ViewController.swift */ = {isa = PBXFileReference; lastKnownFileType = sourcecode.swift; path = ViewController.swift; sourceTree = "<group>"; };
		1E86D6D71B521208003F6736 /* Base */ = {isa = PBXFileReference; lastKnownFileType = file.storyboard; name = Base; path = Base.lproj/Main.storyboard; sourceTree = "<group>"; };
		1E86D6D91B521208003F6736 /* Images.xcassets */ = {isa = PBXFileReference; lastKnownFileType = folder.assetcatalog; path = Images.xcassets; sourceTree = "<group>"; };
		1E86D6DC1B521208003F6736 /* Base */ = {isa = PBXFileReference; lastKnownFileType = file.xib; name = Base; path = Base.lproj/LaunchScreen.xib; sourceTree = "<group>"; };
		1E86D6E21B521208003F6736 /* anjouiTests.xctest */ = {isa = PBXFileReference; explicitFileType = wrapper.cfbundle; includeInIndex = 0; path = anjouiTests.xctest; sourceTree = BUILT_PRODUCTS_DIR; };
		1E86D6E71B521208003F6736 /* Info.plist */ = {isa = PBXFileReference; lastKnownFileType = text.plist.xml; path = Info.plist; sourceTree = "<group>"; };
		1E86D6E81B521208003F6736 /* anjouiTests.swift */ = {isa = PBXFileReference; lastKnownFileType = sourcecode.swift; path = anjouiTests.swift; sourceTree = "<group>"; };
/* End PBXFileReference section */

/* Begin PBXFrameworksBuildPhase section */
		1E86D6CA1B521208003F6736 /* Frameworks */ = {
			isa = PBXFrameworksBuildPhase;
			buildActionMask = 2147483647;
			files = (
				0090170C1B69F45C0019C0FB /* WindowsAzureMobileServices.framework in Frameworks */,
			);
			runOnlyForDeploymentPostprocessing = 0;
		};
		1E86D6DF1B521208003F6736 /* Frameworks */ = {
			isa = PBXFrameworksBuildPhase;
			buildActionMask = 2147483647;
			files = (
			);
			runOnlyForDeploymentPostprocessing = 0;
		};
/* End PBXFrameworksBuildPhase section */

/* Begin PBXGroup section */
		000CA8721B6E19CC005EDF55 /* icons */ = {
			isa = PBXGroup;
			children = (
				000CA8931B6E1D89005EDF55 /* logo-40pt-3x.png */,
				000CA8941B6E1D89005EDF55 /* logo-29pt-3x.png */,
				000CA8951B6E1D89005EDF55 /* logo-29pt-2x.png */,
				000CA8961B6E1D89005EDF55 /* logo-40pt-2x.png */,
				000CA8971B6E1D89005EDF55 /* logo-full.png */,
				000CA88F1B6E1CEB005EDF55 /* logo-60pt-3x.png */,
				000CA8901B6E1CEB005EDF55 /* logo-60pt-2x.png */,
			);
			name = icons;
			sourceTree = "<group>";
		};
		009016901B69DFD90019C0FB /* images */ = {
			isa = PBXGroup;
			children = (
				000CA8A11B6E31B5005EDF55 /* dine-food.png */,
				000CA89F1B6E30DD005EDF55 /* cook-kitchen.png */,
				009017081B69E08F0019C0FB /* main-screen.jpg */,
				009017021B69E0030019C0FB /* dish.jpg */,
				009017031B69E0030019C0FB /* dish4.jpg */,
				009017041B69E0030019C0FB /* Profile_Photo.jpg */,
			);
			name = images;
			sourceTree = "<group>";
		};
		009016911B69DFE00019C0FB /* fonts */ = {
			isa = PBXGroup;
			children = (
				009016921B69DFED0019C0FB /* JosefinSans-Bold.ttf */,
				009016931B69DFED0019C0FB /* JosefinSans-BoldItalic.ttf */,
				009016941B69DFED0019C0FB /* JosefinSans-Italic.ttf */,
				009016951B69DFED0019C0FB /* JosefinSans-Light.ttf */,
				009016961B69DFED0019C0FB /* JosefinSans-LightItalic.ttf */,
				009016971B69DFED0019C0FB /* JosefinSans-Regular.ttf */,
				009016981B69DFED0019C0FB /* JosefinSans-SemiBold.ttf */,
				009016991B69DFED0019C0FB /* JosefinSans-SemiBoldItalic.ttf */,
				0090169A1B69DFED0019C0FB /* JosefinSans-Thin.ttf */,
				0090169B1B69DFED0019C0FB /* JosefinSans-ThinItalic.ttf */,
				0090169C1B69DFED0019C0FB /* JosefinSlab-Bold.ttf */,
				0090169D1B69DFED0019C0FB /* JosefinSlab-BoldItalic.ttf */,
				0090169E1B69DFED0019C0FB /* JosefinSlab-Italic.ttf */,
				0090169F1B69DFED0019C0FB /* JosefinSlab-Light.ttf */,
				009016A01B69DFED0019C0FB /* JosefinSlab-LightItalic.ttf */,
				009016A11B69DFED0019C0FB /* JosefinSlab-Regular.ttf */,
				009016A21B69DFED0019C0FB /* JosefinSlab-SemiBold.ttf */,
				009016A31B69DFED0019C0FB /* JosefinSlab-SemiBoldItalic.ttf */,
				009016A41B69DFED0019C0FB /* JosefinSlab-Thin.ttf */,
				009016A51B69DFED0019C0FB /* JosefinSlab-ThinItalic.ttf */,
				009016A61B69DFED0019C0FB /* Lato-Black.ttf */,
				009016A71B69DFED0019C0FB /* Lato-BlackItalic.ttf */,
				009016A81B69DFED0019C0FB /* Lato-Bold.ttf */,
				009016A91B69DFED0019C0FB /* Lato-BoldItalic.ttf */,
				009016AA1B69DFED0019C0FB /* Lato-Hairline.ttf */,
				009016AB1B69DFED0019C0FB /* Lato-HairlineItalic.ttf */,
				009016AC1B69DFED0019C0FB /* Lato-Heavy.ttf */,
				009016AD1B69DFED0019C0FB /* Lato-HeavyItalic.ttf */,
				009016AE1B69DFED0019C0FB /* Lato-Italic.ttf */,
				009016AF1B69DFED0019C0FB /* Lato-Light.ttf */,
				009016B01B69DFED0019C0FB /* Lato-LightItalic.ttf */,
				009016B11B69DFED0019C0FB /* Lato-Medium.ttf */,
				009016B21B69DFED0019C0FB /* Lato-MediumItalic.ttf */,
				009016B31B69DFED0019C0FB /* Lato-Regular.ttf */,
				009016B41B69DFED0019C0FB /* Lato-Semibold.ttf */,
				009016B51B69DFED0019C0FB /* Lato-SemiboldItalic.ttf */,
				009016B61B69DFED0019C0FB /* Lato-Thin.ttf */,
				009016B71B69DFED0019C0FB /* Lato-ThinItalic.ttf */,
				009016B81B69DFED0019C0FB /* Raleway-Black.ttf */,
				009016B91B69DFED0019C0FB /* Raleway-BlackItalic.ttf */,
				009016BA1B69DFED0019C0FB /* Raleway-Bold.ttf */,
				009016BB1B69DFED0019C0FB /* Raleway-BoldItalic.ttf */,
				009016BC1B69DFED0019C0FB /* Raleway-ExtraBold.ttf */,
				009016BD1B69DFED0019C0FB /* Raleway-ExtraBoldItalic.ttf */,
				009016BE1B69DFED0019C0FB /* Raleway-ExtraLight.ttf */,
				009016BF1B69DFED0019C0FB /* Raleway-ExtraLightItalic.ttf */,
				009016C01B69DFED0019C0FB /* Raleway-Italic.ttf */,
				009016C11B69DFED0019C0FB /* Raleway-Light.ttf */,
				009016C21B69DFED0019C0FB /* Raleway-LightItalic.ttf */,
				009016C31B69DFED0019C0FB /* Raleway-Medium.ttf */,
				009016C41B69DFED0019C0FB /* Raleway-MediumItalic.ttf */,
				009016C51B69DFED0019C0FB /* Raleway-Regular.ttf */,
				009016C61B69DFED0019C0FB /* Raleway-SemiBold.ttf */,
				009016C71B69DFED0019C0FB /* Raleway-SemiBoldItalic.ttf */,
				009016C81B69DFED0019C0FB /* Raleway-Thin.ttf */,
				009016C91B69DFED0019C0FB /* Raleway-ThinItalic.ttf */,
			);
			name = fonts;
			sourceTree = "<group>";
		};
		0090170A1B69F4520019C0FB /* Frameworks */ = {
			isa = PBXGroup;
			children = (
				0090170B1B69F45C0019C0FB /* WindowsAzureMobileServices.framework */,
			);
			name = Frameworks;
			sourceTree = "<group>";
		};
		1E86D6C41B521208003F6736 = {
			isa = PBXGroup;
			children = (
				000CA8721B6E19CC005EDF55 /* icons */,
				0090170F1B69F66C0019C0FB /* anjoui-Bridging-Header.h */,
				0090170A1B69F4520019C0FB /* Frameworks */,
				009016911B69DFE00019C0FB /* fonts */,
				009016901B69DFD90019C0FB /* images */,
				1E86D6CF1B521208003F6736 /* anjoui */,
				1E86D6E51B521208003F6736 /* anjouiTests */,
				1E86D6CE1B521208003F6736 /* Products */,
			);
			sourceTree = "<group>";
		};
		1E86D6CE1B521208003F6736 /* Products */ = {
			isa = PBXGroup;
			children = (
				1E86D6CD1B521208003F6736 /* anjoui.app */,
				1E86D6E21B521208003F6736 /* anjouiTests.xctest */,
			);
			name = Products;
			sourceTree = "<group>";
		};
		1E86D6CF1B521208003F6736 /* anjoui */ = {
			isa = PBXGroup;
			children = (
				00EEEBCD1B6DEB1D00EDE4F7 /* EntreeListTableViewCell.swift */,
				00EEEBCE1B6DEB1D00EDE4F7 /* EntreeListTableViewController.swift */,
				1E86D6D21B521208003F6736 /* AppDelegate.swift */,
				1E86D6D41B521208003F6736 /* ViewController.swift */,
				1E86D6D61B521208003F6736 /* Main.storyboard */,
				1E86D6D91B521208003F6736 /* Images.xcassets */,
				1E86D6DB1B521208003F6736 /* LaunchScreen.xib */,
				1E86D6D01B521208003F6736 /* Supporting Files */,
				00F4576F1B6DDB57008E9AFF /* LoginViewController.swift */,
				00F457711B6DDB62008E9AFF /* SignupCookViewController.swift */,
				00F457731B6DDB6B008E9AFF /* SignupDinerViewController.swift */,
				000CA8A31B6E36C2005EDF55 /* SignupSelectProfileViewController.swift */,
			);
			path = anjoui;
			sourceTree = "<group>";
		};
		1E86D6D01B521208003F6736 /* Supporting Files */ = {
			isa = PBXGroup;
			children = (
				1E86D6D11B521208003F6736 /* Info.plist */,
			);
			name = "Supporting Files";
			sourceTree = "<group>";
		};
		1E86D6E51B521208003F6736 /* anjouiTests */ = {
			isa = PBXGroup;
			children = (
				1E86D6E81B521208003F6736 /* anjouiTests.swift */,
				1E86D6E61B521208003F6736 /* Supporting Files */,
			);
			path = anjouiTests;
			sourceTree = "<group>";
		};
		1E86D6E61B521208003F6736 /* Supporting Files */ = {
			isa = PBXGroup;
			children = (
				1E86D6E71B521208003F6736 /* Info.plist */,
			);
			name = "Supporting Files";
			sourceTree = "<group>";
		};
/* End PBXGroup section */

/* Begin PBXNativeTarget section */
		1E86D6CC1B521208003F6736 /* anjoui */ = {
			isa = PBXNativeTarget;
			buildConfigurationList = 1E86D6EC1B521208003F6736 /* Build configuration list for PBXNativeTarget "anjoui" */;
			buildPhases = (
				1E86D6C91B521208003F6736 /* Sources */,
				1E86D6CA1B521208003F6736 /* Frameworks */,
				1E86D6CB1B521208003F6736 /* Resources */,
			);
			buildRules = (
			);
			dependencies = (
			);
			name = anjoui;
			productName = anjoui;
			productReference = 1E86D6CD1B521208003F6736 /* anjoui.app */;
			productType = "com.apple.product-type.application";
		};
		1E86D6E11B521208003F6736 /* anjouiTests */ = {
			isa = PBXNativeTarget;
			buildConfigurationList = 1E86D6EF1B521208003F6736 /* Build configuration list for PBXNativeTarget "anjouiTests" */;
			buildPhases = (
				1E86D6DE1B521208003F6736 /* Sources */,
				1E86D6DF1B521208003F6736 /* Frameworks */,
				1E86D6E01B521208003F6736 /* Resources */,
			);
			buildRules = (
			);
			dependencies = (
				1E86D6E41B521208003F6736 /* PBXTargetDependency */,
			);
			name = anjouiTests;
			productName = anjouiTests;
			productReference = 1E86D6E21B521208003F6736 /* anjouiTests.xctest */;
			productType = "com.apple.product-type.bundle.unit-test";
		};
/* End PBXNativeTarget section */

/* Begin PBXProject section */
		1E86D6C51B521208003F6736 /* Project object */ = {
			isa = PBXProject;
			attributes = {
				LastSwiftMigration = 0700;
				LastSwiftUpdateCheck = 0700;
				LastUpgradeCheck = 0700;
				ORGANIZATIONNAME = anjoui;
				TargetAttributes = {
					1E86D6CC1B521208003F6736 = {
						CreatedOnToolsVersion = 6.4;
						DevelopmentTeam = 23NCCP9F44;
					};
					1E86D6E11B521208003F6736 = {
						CreatedOnToolsVersion = 6.4;
						TestTargetID = 1E86D6CC1B521208003F6736;
					};
				};
			};
			buildConfigurationList = 1E86D6C81B521208003F6736 /* Build configuration list for PBXProject "anjoui" */;
			compatibilityVersion = "Xcode 3.2";
			developmentRegion = English;
			hasScannedForEncodings = 0;
			knownRegions = (
				en,
				Base,
			);
			mainGroup = 1E86D6C41B521208003F6736;
			productRefGroup = 1E86D6CE1B521208003F6736 /* Products */;
			projectDirPath = "";
			projectRoot = "";
			targets = (
				1E86D6CC1B521208003F6736 /* anjoui */,
				1E86D6E11B521208003F6736 /* anjouiTests */,
			);
		};
/* End PBXProject section */

/* Begin PBXResourcesBuildPhase section */
		1E86D6CB1B521208003F6736 /* Resources */ = {
			isa = PBXResourcesBuildPhase;
			buildActionMask = 2147483647;
			files = (
				009016DC1B69DFED0019C0FB /* JosefinSlab-Thin.ttf in Resources */,
				1E86D6D81B521208003F6736 /* Main.storyboard in Resources */,
				009016D11B69DFED0019C0FB /* JosefinSans-SemiBoldItalic.ttf in Resources */,
				000CA8911B6E1CEB005EDF55 /* logo-60pt-3x.png in Resources */,
				009016CD1B69DFED0019C0FB /* JosefinSans-Light.ttf in Resources */,
				009016E01B69DFED0019C0FB /* Lato-Bold.ttf in Resources */,
				009017051B69E0030019C0FB /* dish.jpg in Resources */,
				009016EE1B69DFED0019C0FB /* Lato-Thin.ttf in Resources */,
				009016F81B69DFED0019C0FB /* Raleway-Italic.ttf in Resources */,
				009016CE1B69DFED0019C0FB /* JosefinSans-LightItalic.ttf in Resources */,
				009016DE1B69DFED0019C0FB /* Lato-Black.ttf in Resources */,
				009016F21B69DFED0019C0FB /* Raleway-Bold.ttf in Resources */,
				009016F91B69DFED0019C0FB /* Raleway-Light.ttf in Resources */,
				009016EA1B69DFED0019C0FB /* Lato-MediumItalic.ttf in Resources */,
				009016DB1B69DFED0019C0FB /* JosefinSlab-SemiBoldItalic.ttf in Resources */,
				000CA89A1B6E1D89005EDF55 /* logo-29pt-2x.png in Resources */,
				009017011B69DFED0019C0FB /* Raleway-ThinItalic.ttf in Resources */,
				009016F31B69DFED0019C0FB /* Raleway-BoldItalic.ttf in Resources */,
				009016E81B69DFED0019C0FB /* Lato-LightItalic.ttf in Resources */,
				009016D51B69DFED0019C0FB /* JosefinSlab-BoldItalic.ttf in Resources */,
				009016EB1B69DFED0019C0FB /* Lato-Regular.ttf in Resources */,
				009016F01B69DFED0019C0FB /* Raleway-Black.ttf in Resources */,
				009017071B69E0030019C0FB /* Profile_Photo.jpg in Resources */,
				009016E31B69DFED0019C0FB /* Lato-HairlineItalic.ttf in Resources */,
				009016E71B69DFED0019C0FB /* Lato-Light.ttf in Resources */,
				009016DD1B69DFED0019C0FB /* JosefinSlab-ThinItalic.ttf in Resources */,
				009016D41B69DFED0019C0FB /* JosefinSlab-Bold.ttf in Resources */,
				000CA89B1B6E1D89005EDF55 /* logo-40pt-2x.png in Resources */,
				009016E51B69DFED0019C0FB /* Lato-HeavyItalic.ttf in Resources */,
				000CA8A21B6E31B5005EDF55 /* dine-food.png in Resources */,
				000CA8921B6E1CEB005EDF55 /* logo-60pt-2x.png in Resources */,
				009016E21B69DFED0019C0FB /* Lato-Hairline.ttf in Resources */,
				009016D31B69DFED0019C0FB /* JosefinSans-ThinItalic.ttf in Resources */,
				009016D61B69DFED0019C0FB /* JosefinSlab-Italic.ttf in Resources */,
				009016CF1B69DFED0019C0FB /* JosefinSans-Regular.ttf in Resources */,
				009016FF1B69DFED0019C0FB /* Raleway-SemiBoldItalic.ttf in Resources */,
				000CA8991B6E1D89005EDF55 /* logo-29pt-3x.png in Resources */,
				009016FE1B69DFED0019C0FB /* Raleway-SemiBold.ttf in Resources */,
				009016F51B69DFED0019C0FB /* Raleway-ExtraBoldItalic.ttf in Resources */,
				009016CA1B69DFED0019C0FB /* JosefinSans-Bold.ttf in Resources */,
				009016D71B69DFED0019C0FB /* JosefinSlab-Light.ttf in Resources */,
				009017001B69DFED0019C0FB /* Raleway-Thin.ttf in Resources */,
				009016DA1B69DFED0019C0FB /* JosefinSlab-SemiBold.ttf in Resources */,
				009017091B69E08F0019C0FB /* main-screen.jpg in Resources */,
				1E86D6DD1B521208003F6736 /* LaunchScreen.xib in Resources */,
				009016ED1B69DFED0019C0FB /* Lato-SemiboldItalic.ttf in Resources */,
				009016E91B69DFED0019C0FB /* Lato-Medium.ttf in Resources */,
				009016D91B69DFED0019C0FB /* JosefinSlab-Regular.ttf in Resources */,
				009016EF1B69DFED0019C0FB /* Lato-ThinItalic.ttf in Resources */,
				009016F61B69DFED0019C0FB /* Raleway-ExtraLight.ttf in Resources */,
				009016CB1B69DFED0019C0FB /* JosefinSans-BoldItalic.ttf in Resources */,
				009016E61B69DFED0019C0FB /* Lato-Italic.ttf in Resources */,
				009016D01B69DFED0019C0FB /* JosefinSans-SemiBold.ttf in Resources */,
				1E86D6DA1B521208003F6736 /* Images.xcassets in Resources */,
				000CA89C1B6E1D89005EDF55 /* logo-full.png in Resources */,
				009016D21B69DFED0019C0FB /* JosefinSans-Thin.ttf in Resources */,
				009016D81B69DFED0019C0FB /* JosefinSlab-LightItalic.ttf in Resources */,
				009016FC1B69DFED0019C0FB /* Raleway-MediumItalic.ttf in Resources */,
				009016E41B69DFED0019C0FB /* Lato-Heavy.ttf in Resources */,
				009016F71B69DFED0019C0FB /* Raleway-ExtraLightItalic.ttf in Resources */,
				009016E11B69DFED0019C0FB /* Lato-BoldItalic.ttf in Resources */,
				009016F11B69DFED0019C0FB /* Raleway-BlackItalic.ttf in Resources */,
				000CA8981B6E1D89005EDF55 /* logo-40pt-3x.png in Resources */,
				009016CC1B69DFED0019C0FB /* JosefinSans-Italic.ttf in Resources */,
				009016FB1B69DFED0019C0FB /* Raleway-Medium.ttf in Resources */,
				009016F41B69DFED0019C0FB /* Raleway-ExtraBold.ttf in Resources */,
				009016EC1B69DFED0019C0FB /* Lato-Semibold.ttf in Resources */,
				009017061B69E0030019C0FB /* dish4.jpg in Resources */,
				009016FD1B69DFED0019C0FB /* Raleway-Regular.ttf in Resources */,
				009016FA1B69DFED0019C0FB /* Raleway-LightItalic.ttf in Resources */,
				000CA8A01B6E30DD005EDF55 /* cook-kitchen.png in Resources */,
				009016DF1B69DFED0019C0FB /* Lato-BlackItalic.ttf in Resources */,
			);
			runOnlyForDeploymentPostprocessing = 0;
		};
		1E86D6E01B521208003F6736 /* Resources */ = {
			isa = PBXResourcesBuildPhase;
			buildActionMask = 2147483647;
			files = (
			);
			runOnlyForDeploymentPostprocessing = 0;
		};
/* End PBXResourcesBuildPhase section */

/* Begin PBXSourcesBuildPhase section */
		1E86D6C91B521208003F6736 /* Sources */ = {
			isa = PBXSourcesBuildPhase;
			buildActionMask = 2147483647;
			files = (
				000CA8A41B6E36C2005EDF55 /* SignupSelectProfileViewController.swift in Sources */,
				00F457741B6DDB6B008E9AFF /* SignupDinerViewController.swift in Sources */,
				00EEEBD01B6DEB1D00EDE4F7 /* EntreeListTableViewController.swift in Sources */,
				1E86D6D51B521208003F6736 /* ViewController.swift in Sources */,
				00F457721B6DDB62008E9AFF /* SignupCookViewController.swift in Sources */,
				00F457701B6DDB57008E9AFF /* LoginViewController.swift in Sources */,
				00EEEBCF1B6DEB1D00EDE4F7 /* EntreeListTableViewCell.swift in Sources */,
				1E86D6D31B521208003F6736 /* AppDelegate.swift in Sources */,
			);
			runOnlyForDeploymentPostprocessing = 0;
		};
		1E86D6DE1B521208003F6736 /* Sources */ = {
			isa = PBXSourcesBuildPhase;
			buildActionMask = 2147483647;
			files = (
				1E86D6E91B521208003F6736 /* anjouiTests.swift in Sources */,
			);
			runOnlyForDeploymentPostprocessing = 0;
		};
/* End PBXSourcesBuildPhase section */

/* Begin PBXTargetDependency section */
		1E86D6E41B521208003F6736 /* PBXTargetDependency */ = {
			isa = PBXTargetDependency;
			target = 1E86D6CC1B521208003F6736 /* anjoui */;
			targetProxy = 1E86D6E31B521208003F6736 /* PBXContainerItemProxy */;
		};
/* End PBXTargetDependency section */

/* Begin PBXVariantGroup section */
		1E86D6D61B521208003F6736 /* Main.storyboard */ = {
			isa = PBXVariantGroup;
			children = (
				1E86D6D71B521208003F6736 /* Base */,
			);
			name = Main.storyboard;
			sourceTree = "<group>";
		};
		1E86D6DB1B521208003F6736 /* LaunchScreen.xib */ = {
			isa = PBXVariantGroup;
			children = (
				1E86D6DC1B521208003F6736 /* Base */,
			);
			name = LaunchScreen.xib;
			sourceTree = "<group>";
		};
/* End PBXVariantGroup section */

/* Begin XCBuildConfiguration section */
		1E86D6EA1B521208003F6736 /* Debug */ = {
			isa = XCBuildConfiguration;
			buildSettings = {
				ALWAYS_SEARCH_USER_PATHS = NO;
				CLANG_CXX_LANGUAGE_STANDARD = "gnu++0x";
				CLANG_CXX_LIBRARY = "libc++";
				CLANG_ENABLE_MODULES = YES;
				CLANG_ENABLE_OBJC_ARC = YES;
				CLANG_WARN_BOOL_CONVERSION = YES;
				CLANG_WARN_CONSTANT_CONVERSION = YES;
				CLANG_WARN_DIRECT_OBJC_ISA_USAGE = YES_ERROR;
				CLANG_WARN_EMPTY_BODY = YES;
				CLANG_WARN_ENUM_CONVERSION = YES;
				CLANG_WARN_INT_CONVERSION = YES;
				CLANG_WARN_OBJC_ROOT_CLASS = YES_ERROR;
				CLANG_WARN_UNREACHABLE_CODE = YES;
				CLANG_WARN__DUPLICATE_METHOD_MATCH = YES;
				"CODE_SIGN_IDENTITY[sdk=iphoneos*]" = "iPhone Developer";
				COPY_PHASE_STRIP = NO;
				DEBUG_INFORMATION_FORMAT = "dwarf-with-dsym";
				ENABLE_STRICT_OBJC_MSGSEND = YES;
				ENABLE_TESTABILITY = YES;
				GCC_C_LANGUAGE_STANDARD = gnu99;
				GCC_DYNAMIC_NO_PIC = NO;
				GCC_NO_COMMON_BLOCKS = YES;
				GCC_OPTIMIZATION_LEVEL = 0;
				GCC_PREPROCESSOR_DEFINITIONS = (
					"DEBUG=1",
					"$(inherited)",
				);
				GCC_SYMBOLS_PRIVATE_EXTERN = NO;
				GCC_WARN_64_TO_32_BIT_CONVERSION = YES;
				GCC_WARN_ABOUT_RETURN_TYPE = YES_ERROR;
				GCC_WARN_UNDECLARED_SELECTOR = YES;
				GCC_WARN_UNINITIALIZED_AUTOS = YES_AGGRESSIVE;
				GCC_WARN_UNUSED_FUNCTION = YES;
				GCC_WARN_UNUSED_VARIABLE = YES;
				IPHONEOS_DEPLOYMENT_TARGET = 8.4;
				MTL_ENABLE_DEBUG_INFO = YES;
				ONLY_ACTIVE_ARCH = YES;
				SDKROOT = iphoneos;
				SWIFT_OPTIMIZATION_LEVEL = "-Onone";
			};
			name = Debug;
		};
		1E86D6EB1B521208003F6736 /* Release */ = {
			isa = XCBuildConfiguration;
			buildSettings = {
				ALWAYS_SEARCH_USER_PATHS = NO;
				CLANG_CXX_LANGUAGE_STANDARD = "gnu++0x";
				CLANG_CXX_LIBRARY = "libc++";
				CLANG_ENABLE_MODULES = YES;
				CLANG_ENABLE_OBJC_ARC = YES;
				CLANG_WARN_BOOL_CONVERSION = YES;
				CLANG_WARN_CONSTANT_CONVERSION = YES;
				CLANG_WARN_DIRECT_OBJC_ISA_USAGE = YES_ERROR;
				CLANG_WARN_EMPTY_BODY = YES;
				CLANG_WARN_ENUM_CONVERSION = YES;
				CLANG_WARN_INT_CONVERSION = YES;
				CLANG_WARN_OBJC_ROOT_CLASS = YES_ERROR;
				CLANG_WARN_UNREACHABLE_CODE = YES;
				CLANG_WARN__DUPLICATE_METHOD_MATCH = YES;
				"CODE_SIGN_IDENTITY[sdk=iphoneos*]" = "iPhone Developer";
				COPY_PHASE_STRIP = NO;
				DEBUG_INFORMATION_FORMAT = "dwarf-with-dsym";
				ENABLE_NS_ASSERTIONS = NO;
				ENABLE_STRICT_OBJC_MSGSEND = YES;
				GCC_C_LANGUAGE_STANDARD = gnu99;
				GCC_NO_COMMON_BLOCKS = YES;
				GCC_WARN_64_TO_32_BIT_CONVERSION = YES;
				GCC_WARN_ABOUT_RETURN_TYPE = YES_ERROR;
				GCC_WARN_UNDECLARED_SELECTOR = YES;
				GCC_WARN_UNINITIALIZED_AUTOS = YES_AGGRESSIVE;
				GCC_WARN_UNUSED_FUNCTION = YES;
				GCC_WARN_UNUSED_VARIABLE = YES;
				IPHONEOS_DEPLOYMENT_TARGET = 8.4;
				MTL_ENABLE_DEBUG_INFO = NO;
				SDKROOT = iphoneos;
				VALIDATE_PRODUCT = YES;
			};
			name = Release;
		};
		1E86D6ED1B521208003F6736 /* Debug */ = {
			isa = XCBuildConfiguration;
			buildSettings = {
				ASSETCATALOG_COMPILER_APPICON_NAME = AppIcon;
				ASSETCATALOG_COMPILER_LAUNCHIMAGE_NAME = LaunchImage;
				CODE_SIGN_IDENTITY = "iPhone Developer";
				"CODE_SIGN_IDENTITY[sdk=iphoneos*]" = "iPhone Developer";
				ENABLE_BITCODE = NO;
				FRAMEWORK_SEARCH_PATHS = (
					"$(inherited)",
					"$(PROJECT_DIR)",
				);
				INFOPLIST_FILE = anjoui/Info.plist;
				IPHONEOS_DEPLOYMENT_TARGET = 8.0;
				LD_RUNPATH_SEARCH_PATHS = "$(inherited) @executable_path/Frameworks";
				PRODUCT_BUNDLE_IDENTIFIER = com.anjouifoods.anjoui;
				PRODUCT_NAME = "$(TARGET_NAME)";
				PROVISIONING_PROFILE = "";
				SWIFT_OBJC_BRIDGING_HEADER = "anjoui/anjoui-Bridging-Header.h";
			};
			name = Debug;
		};
		1E86D6EE1B521208003F6736 /* Release */ = {
			isa = XCBuildConfiguration;
			buildSettings = {
				ASSETCATALOG_COMPILER_APPICON_NAME = AppIcon;
				ASSETCATALOG_COMPILER_LAUNCHIMAGE_NAME = LaunchImage;
				CODE_SIGN_IDENTITY = "iPhone Developer";
				"CODE_SIGN_IDENTITY[sdk=iphoneos*]" = "iPhone Developer";
				ENABLE_BITCODE = NO;
				FRAMEWORK_SEARCH_PATHS = (
					"$(inherited)",
					"$(PROJECT_DIR)",
				);
				INFOPLIST_FILE = anjoui/Info.plist;
				IPHONEOS_DEPLOYMENT_TARGET = 8.0;
				LD_RUNPATH_SEARCH_PATHS = "$(inherited) @executable_path/Frameworks";
				PRODUCT_BUNDLE_IDENTIFIER = com.anjouifoods.anjoui;
				PRODUCT_NAME = "$(TARGET_NAME)";
				PROVISIONING_PROFILE = "";
				SWIFT_OBJC_BRIDGING_HEADER = "anjoui/anjoui-Bridging-Header.h";
			};
			name = Release;
		};
		1E86D6F01B521208003F6736 /* Debug */ = {
			isa = XCBuildConfiguration;
			buildSettings = {
				BUNDLE_LOADER = "$(TEST_HOST)";
				FRAMEWORK_SEARCH_PATHS = (
					"$(SDKROOT)/Developer/Library/Frameworks",
					"$(inherited)",
				);
				GCC_PREPROCESSOR_DEFINITIONS = (
					"DEBUG=1",
					"$(inherited)",
				);
				INFOPLIST_FILE = anjouiTests/Info.plist;
				LD_RUNPATH_SEARCH_PATHS = "$(inherited) @executable_path/Frameworks @loader_path/Frameworks";
				PRODUCT_BUNDLE_IDENTIFIER = "com.anjoui.$(PRODUCT_NAME:rfc1034identifier)";
				PRODUCT_NAME = "$(TARGET_NAME)";
				TEST_HOST = "$(BUILT_PRODUCTS_DIR)/anjoui.app/anjoui";
			};
			name = Debug;
		};
		1E86D6F11B521208003F6736 /* Release */ = {
			isa = XCBuildConfiguration;
			buildSettings = {
				BUNDLE_LOADER = "$(TEST_HOST)";
				FRAMEWORK_SEARCH_PATHS = (
					"$(SDKROOT)/Developer/Library/Frameworks",
					"$(inherited)",
				);
				INFOPLIST_FILE = anjouiTests/Info.plist;
				LD_RUNPATH_SEARCH_PATHS = "$(inherited) @executable_path/Frameworks @loader_path/Frameworks";
				PRODUCT_BUNDLE_IDENTIFIER = "com.anjoui.$(PRODUCT_NAME:rfc1034identifier)";
				PRODUCT_NAME = "$(TARGET_NAME)";
				TEST_HOST = "$(BUILT_PRODUCTS_DIR)/anjoui.app/anjoui";
			};
			name = Release;
		};
/* End XCBuildConfiguration section */

/* Begin XCConfigurationList section */
		1E86D6C81B521208003F6736 /* Build configuration list for PBXProject "anjoui" */ = {
			isa = XCConfigurationList;
			buildConfigurations = (
				1E86D6EA1B521208003F6736 /* Debug */,
				1E86D6EB1B521208003F6736 /* Release */,
			);
			defaultConfigurationIsVisible = 0;
			defaultConfigurationName = Release;
		};
		1E86D6EC1B521208003F6736 /* Build configuration list for PBXNativeTarget "anjoui" */ = {
			isa = XCConfigurationList;
			buildConfigurations = (
				1E86D6ED1B521208003F6736 /* Debug */,
				1E86D6EE1B521208003F6736 /* Release */,
			);
			defaultConfigurationIsVisible = 0;
			defaultConfigurationName = Release;
		};
		1E86D6EF1B521208003F6736 /* Build configuration list for PBXNativeTarget "anjouiTests" */ = {
			isa = XCConfigurationList;
			buildConfigurations = (
				1E86D6F01B521208003F6736 /* Debug */,
				1E86D6F11B521208003F6736 /* Release */,
			);
			defaultConfigurationIsVisible = 0;
			defaultConfigurationName = Release;
		};
/* End XCConfigurationList section */
	};
	rootObject = 1E86D6C51B521208003F6736 /* Project object */;
}
